
Microsoft Visual Studio Solution File, Format Version 12.00
# Visual Studio 15
VisualStudioVersion = 15.0.26730.10
MinimumVisualStudioVersion = 10.0.40219.1
Project("{FAE04EC0-301F-11D3-BF4B-00C04F79EFBC}") = "Voxel", "Voxel\Voxel.csproj", "{7CEBB1F3-0F4F-4F82-BAA3-A9B22551AD2A}"
EndProject
Global
	GlobalSection(SolutionConfigurationPlatforms) = preSolution
		Debug|Any CPU = Debug|Any CPU
		Release|Any CPU = Release|Any CPU
	EndGlobalSection
	GlobalSection(ProjectConfigurationPlatforms) = postSolution
		{7CEBB1F3-0F4F-4F82-BAA3-A9B22551AD2A}.Debug|Any CPU.ActiveCfg = Debug|Any CPU
		{7CEBB1F3-0F4F-4F82-BAA3-A9B22551AD2A}.Debug|Any CPU.Build.0 = Debug|Any CPU
		{7CEBB1F3-0F4F-4F82-BAA3-A9B22551AD2A}.Release|Any CPU.ActiveCfg = Release|Any CPU
		{7CEBB1F3-0F4F-4F82-BAA3-A9B22551AD2A}.Release|Any CPU.Build.0 = Release|Any CPU
	EndGlobalSection
	GlobalSection(SolutionProperties) = preSolution
		HideSolutionNode = FALSE
	EndGlobalSection
	GlobalSection(ExtensibilityGlobals) = postSolution
		SolutionGuid = {970FEA63-0721-42F5-8EA9-5D5BF3808E87}
	EndGlobalSection
EndGlobal
